
Microsoft Visual Studio Solution File, Format Version 11.00
# Visual Studio 2010
Project("{FAE04EC0-301F-11D3-BF4B-00C04F79EFBC}") = "JsonHelper", "JsonHelper\JsonHelper.csproj", "{8D76D7B7-D77D-4928-B45F-4C85093600D1}"
EndProject
Project("{FAE04EC0-301F-11D3-BF4B-00C04F79EFBC}") = "JsonHelper.Test", "JsonHelper.Test\JsonHelper.Test.csproj", "{3945DEE2-C84F-4CC0-8BCE-26FE7B4EE181}"
EndProject
Global
	GlobalSection(SolutionConfigurationPlatforms) = preSolution
		Debug|x86 = Debug|x86
		Release|x86 = Release|x86
	EndGlobalSection
	GlobalSection(ProjectConfigurationPlatforms) = postSolution
		{3945DEE2-C84F-4CC0-8BCE-26FE7B4EE181}.Debug|x86.ActiveCfg = Debug|Any CPU
		{3945DEE2-C84F-4CC0-8BCE-26FE7B4EE181}.Debug|x86.Build.0 = Debug|Any CPU
		{3945DEE2-C84F-4CC0-8BCE-26FE7B4EE181}.Release|x86.ActiveCfg = Release|Any CPU
		{3945DEE2-C84F-4CC0-8BCE-26FE7B4EE181}.Release|x86.Build.0 = Release|Any CPU
		{8D76D7B7-D77D-4928-B45F-4C85093600D1}.Debug|x86.ActiveCfg = Debug|x86
		{8D76D7B7-D77D-4928-B45F-4C85093600D1}.Debug|x86.Build.0 = Debug|x86
		{8D76D7B7-D77D-4928-B45F-4C85093600D1}.Release|x86.ActiveCfg = Release|x86
		{8D76D7B7-D77D-4928-B45F-4C85093600D1}.Release|x86.Build.0 = Release|x86
	EndGlobalSection
	GlobalSection(MonoDevelopProperties) = preSolution
		StartupItem = JsonHelper\JsonHelper.csproj
	EndGlobalSection
EndGlobal
